
Microsoft Visual Studio Solution File, Format Version 12.00
Project("{FAE04EC0-301F-11D3-BF4B-00C04F79EFBC}") = "RadioReact", "RadioReact\RadioReact.csproj", "{0FA5FAE3-03F1-470D-9C53-A03CA3A0928F}"
EndProject
Global
	GlobalSection(SolutionConfigurationPlatforms) = preSolution
		Debug|Any CPU = Debug|Any CPU
		Release|Any CPU = Release|Any CPU
	EndGlobalSection
	GlobalSection(ProjectConfigurationPlatforms) = postSolution
		{0FA5FAE3-03F1-470D-9C53-A03CA3A0928F}.Debug|Any CPU.ActiveCfg = Debug|Any CPU
		{0FA5FAE3-03F1-470D-9C53-A03CA3A0928F}.Debug|Any CPU.Build.0 = Debug|Any CPU
		{0FA5FAE3-03F1-470D-9C53-A03CA3A0928F}.Release|Any CPU.ActiveCfg = Release|Any CPU
		{0FA5FAE3-03F1-470D-9C53-A03CA3A0928F}.Release|Any CPU.Build.0 = Release|Any CPU
	EndGlobalSection
EndGlobal
